
Microsoft Visual Studio Solution File, Format Version 12.00
# Visual Studio Version 16
VisualStudioVersion = 16.0.29326.143
MinimumVisualStudioVersion = 10.0.40219.1
Project("{F184B08F-C81C-45F6-A57F-5ABD9991F28F}") = "Srinath", "Srinath.vbproj", "{BBC12883-9362-4047-B45B-3B2094A33732}"
EndProject
Global
	GlobalSection(SolutionConfigurationPlatforms) = preSolution
		Debug|Any CPU = Debug|Any CPU
		Release|Any CPU = Release|Any CPU
	EndGlobalSection
	GlobalSection(ProjectConfigurationPlatforms) = postSolution
		{BBC12883-9362-4047-B45B-3B2094A33732}.Debug|Any CPU.ActiveCfg = Debug|Any CPU
		{BBC12883-9362-4047-B45B-3B2094A33732}.Debug|Any CPU.Build.0 = Debug|Any CPU
		{BBC12883-9362-4047-B45B-3B2094A33732}.Release|Any CPU.ActiveCfg = Release|Any CPU
		{BBC12883-9362-4047-B45B-3B2094A33732}.Release|Any CPU.Build.0 = Release|Any CPU
	EndGlobalSection
	GlobalSection(SolutionProperties) = preSolution
		HideSolutionNode = FALSE
	EndGlobalSection
	GlobalSection(ExtensibilityGlobals) = postSolution
		SolutionGuid = {419B385B-7A77-439E-AC7F-A7139BD6B78A}
	EndGlobalSection
EndGlobal
